
Microsoft Visual Studio Solution File, Format Version 12.00
# Visual Studio Version 17
VisualStudioVersion = 17.0.31903.59
MinimumVisualStudioVersion = 10.0.40219.1
Project("{2150E333-8FDC-42A3-9474-1A3956D46DE8}") = "src", "src", "{827E0CD3-B72D-47B6-A68D-7590B98EB39B}"
EndProject
Project("{FAE04EC0-301F-11D3-BF4B-00C04F79EFBC}") = "GitLabMcp.Domain", "src\GitLabMcp.Domain\GitLabMcp.Domain.csproj", "{C738FB3E-F3F2-4A35-8B1B-7F9892A8C594}"
EndProject
Project("{FAE04EC0-301F-11D3-BF4B-00C04F79EFBC}") = "GitLabMcp.Application", "src\GitLabMcp.Application\GitLabMcp.Application.csproj", "{AA493DC3-1122-425C-8115-51B389D397F2}"
EndProject
Project("{FAE04EC0-301F-11D3-BF4B-00C04F79EFBC}") = "GitLabMcp.Infrastructure", "src\GitLabMcp.Infrastructure\GitLabMcp.Infrastructure.csproj", "{78176339-AFD9-411A-A535-BEC46EBC98B4}"
EndProject
Project("{FAE04EC0-301F-11D3-BF4B-00C04F79EFBC}") = "GitLabMcp.Presentation.Http", "src\GitLabMcp.Presentation.Http\GitLabMcp.Presentation.Http.csproj", "{D91833BE-E121-4A4F-A8C5-A38993436D4B}"
EndProject
Project("{FAE04EC0-301F-11D3-BF4B-00C04F79EFBC}") = "GitLabMcp.UnitTests", "tests\GitLabMcp.UnitTests\GitLabMcp.UnitTests.csproj", "{96C92F77-9F8A-401A-91A6-BFA67FE660B1}"
EndProject
Project("{FAE04EC0-301F-11D3-BF4B-00C04F79EFBC}") = "GitLabMcp.IntegrationTests", "tests\GitLabMcp.IntegrationTests\GitLabMcp.IntegrationTests.csproj", "{C0CB4AE0-1639-4B49-B36F-A9D520F684C5}"
EndProject
Global
	GlobalSection(SolutionConfigurationPlatforms) = preSolution
		Debug|Any CPU = Debug|Any CPU
		Debug|x64 = Debug|x64
		Debug|x86 = Debug|x86
		Release|Any CPU = Release|Any CPU
		Release|x64 = Release|x64
		Release|x86 = Release|x86
	EndGlobalSection
	GlobalSection(ProjectConfigurationPlatforms) = postSolution
		{C738FB3E-F3F2-4A35-8B1B-7F9892A8C594}.Debug|Any CPU.ActiveCfg = Debug|Any CPU
		{C738FB3E-F3F2-4A35-8B1B-7F9892A8C594}.Debug|Any CPU.Build.0 = Debug|Any CPU
		{C738FB3E-F3F2-4A35-8B1B-7F9892A8C594}.Debug|x64.ActiveCfg = Debug|Any CPU
		{C738FB3E-F3F2-4A35-8B1B-7F9892A8C594}.Debug|x64.Build.0 = Debug|Any CPU
		{C738FB3E-F3F2-4A35-8B1B-7F9892A8C594}.Debug|x86.ActiveCfg = Debug|Any CPU
		{C738FB3E-F3F2-4A35-8B1B-7F9892A8C594}.Debug|x86.Build.0 = Debug|Any CPU
		{C738FB3E-F3F2-4A35-8B1B-7F9892A8C594}.Release|Any CPU.ActiveCfg = Release|Any CPU
		{C738FB3E-F3F2-4A35-8B1B-7F9892A8C594}.Release|Any CPU.Build.0 = Release|Any CPU
		{C738FB3E-F3F2-4A35-8B1B-7F9892A8C594}.Release|x64.ActiveCfg = Release|Any CPU
		{C738FB3E-F3F2-4A35-8B1B-7F9892A8C594}.Release|x64.Build.0 = Release|Any CPU
		{C738FB3E-F3F2-4A35-8B1B-7F9892A8C594}.Release|x86.ActiveCfg = Release|Any CPU
		{C738FB3E-F3F2-4A35-8B1B-7F9892A8C594}.Release|x86.Build.0 = Release|Any CPU
		{AA493DC3-1122-425C-8115-51B389D397F2}.Debug|Any CPU.ActiveCfg = Debug|Any CPU
		{AA493DC3-1122-425C-8115-51B389D397F2}.Debug|Any CPU.Build.0 = Debug|Any CPU
		{AA493DC3-1122-425C-8115-51B389D397F2}.Debug|x64.ActiveCfg = Debug|Any CPU
		{AA493DC3-1122-425C-8115-51B389D397F2}.Debug|x64.Build.0 = Debug|Any CPU
		{AA493DC3-1122-425C-8115-51B389D397F2}.Debug|x86.ActiveCfg = Debug|Any CPU
		{AA493DC3-1122-425C-8115-51B389D397F2}.Debug|x86.Build.0 = Debug|Any CPU
		{AA493DC3-1122-425C-8115-51B389D397F2}.Release|Any CPU.ActiveCfg = Release|Any CPU
		{AA493DC3-1122-425C-8115-51B389D397F2}.Release|Any CPU.Build.0 = Release|Any CPU
		{AA493DC3-1122-425C-8115-51B389D397F2}.Release|x64.ActiveCfg = Release|Any CPU
		{AA493DC3-1122-425C-8115-51B389D397F2}.Release|x64.Build.0 = Release|Any CPU
		{AA493DC3-1122-425C-8115-51B389D397F2}.Release|x86.ActiveCfg = Release|Any CPU
		{AA493DC3-1122-425C-8115-51B389D397F2}.Release|x86.Build.0 = Release|Any CPU
		{78176339-AFD9-411A-A535-BEC46EBC98B4}.Debug|Any CPU.ActiveCfg = Debug|Any CPU
		{78176339-AFD9-411A-A535-BEC46EBC98B4}.Debug|Any CPU.Build.0 = Debug|Any CPU
		{78176339-AFD9-411A-A535-BEC46EBC98B4}.Debug|x64.ActiveCfg = Debug|Any CPU
		{78176339-AFD9-411A-A535-BEC46EBC98B4}.Debug|x64.Build.0 = Debug|Any CPU
		{78176339-AFD9-411A-A535-BEC46EBC98B4}.Debug|x86.ActiveCfg = Debug|Any CPU
		{78176339-AFD9-411A-A535-BEC46EBC98B4}.Debug|x86.Build.0 = Debug|Any CPU
		{78176339-AFD9-411A-A535-BEC46EBC98B4}.Release|Any CPU.ActiveCfg = Release|Any CPU
		{78176339-AFD9-411A-A535-BEC46EBC98B4}.Release|Any CPU.Build.0 = Release|Any CPU
		{78176339-AFD9-411A-A535-BEC46EBC98B4}.Release|x64.ActiveCfg = Release|Any CPU
		{78176339-AFD9-411A-A535-BEC46EBC98B4}.Release|x64.Build.0 = Release|Any CPU
		{78176339-AFD9-411A-A535-BEC46EBC98B4}.Release|x86.ActiveCfg = Release|Any CPU
		{78176339-AFD9-411A-A535-BEC46EBC98B4}.Release|x86.Build.0 = Release|Any CPU
		{D91833BE-E121-4A4F-A8C5-A38993436D4B}.Debug|Any CPU.ActiveCfg = Debug|Any CPU
		{D91833BE-E121-4A4F-A8C5-A38993436D4B}.Debug|Any CPU.Build.0 = Debug|Any CPU
		{D91833BE-E121-4A4F-A8C5-A38993436D4B}.Debug|x64.ActiveCfg = Debug|Any CPU
		{D91833BE-E121-4A4F-A8C5-A38993436D4B}.Debug|x64.Build.0 = Debug|Any CPU
		{D91833BE-E121-4A4F-A8C5-A38993436D4B}.Debug|x86.ActiveCfg = Debug|Any CPU
		{D91833BE-E121-4A4F-A8C5-A38993436D4B}.Debug|x86.Build.0 = Debug|Any CPU
		{D91833BE-E121-4A4F-A8C5-A38993436D4B}.Release|Any CPU.ActiveCfg = Release|Any CPU
		{D91833BE-E121-4A4F-A8C5-A38993436D4B}.Release|Any CPU.Build.0 = Release|Any CPU
		{D91833BE-E121-4A4F-A8C5-A38993436D4B}.Release|x64.ActiveCfg = Release|Any CPU
		{D91833BE-E121-4A4F-A8C5-A38993436D4B}.Release|x64.Build.0 = Release|Any CPU
		{D91833BE-E121-4A4F-A8C5-A38993436D4B}.Release|x86.ActiveCfg = Release|Any CPU
		{D91833BE-E121-4A4F-A8C5-A38993436D4B}.Release|x86.Build.0 = Release|Any CPU
		{96C92F77-9F8A-401A-91A6-BFA67FE660B1}.Debug|Any CPU.ActiveCfg = Debug|Any CPU
		{96C92F77-9F8A-401A-91A6-BFA67FE660B1}.Debug|Any CPU.Build.0 = Debug|Any CPU
		{96C92F77-9F8A-401A-91A6-BFA67FE660B1}.Debug|x64.ActiveCfg = Debug|Any CPU
		{96C92F77-9F8A-401A-91A6-BFA67FE660B1}.Debug|x64.Build.0 = Debug|Any CPU
		{96C92F77-9F8A-401A-91A6-BFA67FE660B1}.Debug|x86.ActiveCfg = Debug|Any CPU
		{96C92F77-9F8A-401A-91A6-BFA67FE660B1}.Debug|x86.Build.0 = Debug|Any CPU
		{96C92F77-9F8A-401A-91A6-BFA67FE660B1}.Release|Any CPU.ActiveCfg = Release|Any CPU
		{96C92F77-9F8A-401A-91A6-BFA67FE660B1}.Release|Any CPU.Build.0 = Release|Any CPU
		{96C92F77-9F8A-401A-91A6-BFA67FE660B1}.Release|x64.ActiveCfg = Release|Any CPU
		{96C92F77-9F8A-401A-91A6-BFA67FE660B1}.Release|x64.Build.0 = Release|Any CPU
		{96C92F77-9F8A-401A-91A6-BFA67FE660B1}.Release|x86.ActiveCfg = Release|Any CPU
		{96C92F77-9F8A-401A-91A6-BFA67FE660B1}.Release|x86.Build.0 = Release|Any CPU
		{C0CB4AE0-1639-4B49-B36F-A9D520F684C5}.Debug|Any CPU.ActiveCfg = Debug|Any CPU
		{C0CB4AE0-1639-4B49-B36F-A9D520F684C5}.Debug|Any CPU.Build.0 = Debug|Any CPU
		{C0CB4AE0-1639-4B49-B36F-A9D520F684C5}.Debug|x64.ActiveCfg = Debug|Any CPU
		{C0CB4AE0-1639-4B49-B36F-A9D520F684C5}.Debug|x64.Build.0 = Debug|Any CPU
		{C0CB4AE0-1639-4B49-B36F-A9D520F684C5}.Debug|x86.ActiveCfg = Debug|Any CPU
		{C0CB4AE0-1639-4B49-B36F-A9D520F684C5}.Debug|x86.Build.0 = Debug|Any CPU
		{C0CB4AE0-1639-4B49-B36F-A9D520F684C5}.Release|Any CPU.ActiveCfg = Release|Any CPU
		{C0CB4AE0-1639-4B49-B36F-A9D520F684C5}.Release|Any CPU.Build.0 = Release|Any CPU
		{C0CB4AE0-1639-4B49-B36F-A9D520F684C5}.Release|x64.ActiveCfg = Release|Any CPU
		{C0CB4AE0-1639-4B49-B36F-A9D520F684C5}.Release|x64.Build.0 = Release|Any CPU
		{C0CB4AE0-1639-4B49-B36F-A9D520F684C5}.Release|x86.ActiveCfg = Release|Any CPU
		{C0CB4AE0-1639-4B49-B36F-A9D520F684C5}.Release|x86.Build.0 = Release|Any CPU
	EndGlobalSection
	GlobalSection(SolutionProperties) = preSolution
		HideSolutionNode = FALSE
	EndGlobalSection
	GlobalSection(NestedProjects) = preSolution
		{C738FB3E-F3F2-4A35-8B1B-7F9892A8C594} = {827E0CD3-B72D-47B6-A68D-7590B98EB39B}
		{AA493DC3-1122-425C-8115-51B389D397F2} = {827E0CD3-B72D-47B6-A68D-7590B98EB39B}
		{78176339-AFD9-411A-A535-BEC46EBC98B4} = {827E0CD3-B72D-47B6-A68D-7590B98EB39B}
		{D91833BE-E121-4A4F-A8C5-A38993436D4B} = {827E0CD3-B72D-47B6-A68D-7590B98EB39B}
		{96C92F77-9F8A-401A-91A6-BFA67FE660B1} = {827E0CD3-B72D-47B6-A68D-7590B98EB39B}
		{C0CB4AE0-1639-4B49-B36F-A9D520F684C5} = {827E0CD3-B72D-47B6-A68D-7590B98EB39B}
	EndGlobalSection
EndGlobal
